
Microsoft Visual Studio Solution File, Format Version 12.00
# Visual Studio Version 16
VisualStudioVersion = 16.0.30517.126
MinimumVisualStudioVersion = 10.0.40219.1
Project("{9A19103F-16F7-4668-BE54-9A1E7A4F7556}") = "Shared.Utilities", "src\Shared.Utilities\Shared.Utilities.csproj", "{55B731E1-31FD-4EE5-95D3-A87A80BB158F}"
EndProject
Project("{2150E333-8FDC-42A3-9474-1A3956D46DE8}") = "src", "src", "{12E3CE4F-0F2E-45A3-A79E-CC622B74E1C4}"
EndProject
Project("{2150E333-8FDC-42A3-9474-1A3956D46DE8}") = "test", "test", "{64017FA5-B641-46A3-9CF7-0B6227B131C6}"
EndProject
Project("{9A19103F-16F7-4668-BE54-9A1E7A4F7556}") = "Shared.Utilities.Tests", "test\Shared.Utilities.Tests\Shared.Utilities.Tests.csproj", "{455346DD-F1B6-40B2-91FF-77B9C55D5208}"
EndProject
Project("{2150E333-8FDC-42A3-9474-1A3956D46DE8}") = "Solution Items", "Solution Items", "{DAC6EDB1-0481-4D45-9D9C-61D668B5D81E}"
	ProjectSection(SolutionItems) = preProject
		.gitignore = .gitignore
		README.md = README.md
	EndProjectSection
EndProject
Global
	GlobalSection(SolutionConfigurationPlatforms) = preSolution
		Debug|Any CPU = Debug|Any CPU
		Release|Any CPU = Release|Any CPU
	EndGlobalSection
	GlobalSection(ProjectConfigurationPlatforms) = postSolution
		{55B731E1-31FD-4EE5-95D3-A87A80BB158F}.Debug|Any CPU.ActiveCfg = Debug|Any CPU
		{55B731E1-31FD-4EE5-95D3-A87A80BB158F}.Debug|Any CPU.Build.0 = Debug|Any CPU
		{55B731E1-31FD-4EE5-95D3-A87A80BB158F}.Release|Any CPU.ActiveCfg = Release|Any CPU
		{55B731E1-31FD-4EE5-95D3-A87A80BB158F}.Release|Any CPU.Build.0 = Release|Any CPU
		{455346DD-F1B6-40B2-91FF-77B9C55D5208}.Debug|Any CPU.ActiveCfg = Debug|Any CPU
		{455346DD-F1B6-40B2-91FF-77B9C55D5208}.Debug|Any CPU.Build.0 = Debug|Any CPU
		{455346DD-F1B6-40B2-91FF-77B9C55D5208}.Release|Any CPU.ActiveCfg = Release|Any CPU
		{455346DD-F1B6-40B2-91FF-77B9C55D5208}.Release|Any CPU.Build.0 = Release|Any CPU
	EndGlobalSection
	GlobalSection(SolutionProperties) = preSolution
		HideSolutionNode = FALSE
	EndGlobalSection
	GlobalSection(NestedProjects) = preSolution
		{55B731E1-31FD-4EE5-95D3-A87A80BB158F} = {12E3CE4F-0F2E-45A3-A79E-CC622B74E1C4}
		{455346DD-F1B6-40B2-91FF-77B9C55D5208} = {64017FA5-B641-46A3-9CF7-0B6227B131C6}
	EndGlobalSection
	GlobalSection(ExtensibilityGlobals) = postSolution
		SolutionGuid = {B62A3A51-EDEC-4E4F-8004-3EB26DC9AD5B}
	EndGlobalSection
EndGlobal
